// !$*UTF8*$!
{ archiveVersion = 1; classes = {}; objectVersion = 56; objects = {
		00000000000000000000000A = { isa = PBXFileReference; lastKnownFileType = sourcecode.swift; path = Host/Main.swift; sourceTree = "<group>"; };
		000000000000000000000014 = { isa = PBXBuildFile; fileRef = 00000000000000000000000A; };
		00000000000000000000000B = { isa = PBXFileReference; lastKnownFileType = sourcecode.swift; path = Tests/FixtureTests.swift; sourceTree = "<group>"; };
		000000000000000000000015 = { isa = PBXBuildFile; fileRef = 00000000000000000000000B; };
		00000000000000000000000C = { isa = PBXFileReference; lastKnownFileType = sourcecode.swift; path = UITests/FixtureUITests.swift; sourceTree = "<group>"; };
		000000000000000000000016 = { isa = PBXBuildFile; fileRef = 00000000000000000000000C; };
		00000000000000000000001E = { isa = PBXFileReference; explicitFileType = wrapper.application; path = FixtureHost.app; sourceTree = BUILT_PRODUCTS_DIR; };
		00000000000000000000001F = { isa = PBXFileReference; explicitFileType = wrapper.cfbundle; path = FixtureTests.xctest; sourceTree = BUILT_PRODUCTS_DIR; };
		000000000000000000000020 = { isa = PBXFileReference; explicitFileType = wrapper.cfbundle; path = FixtureUITests.xctest; sourceTree = BUILT_PRODUCTS_DIR; };
		000000000000000000000002 = { isa = PBXGroup; children = (00000000000000000000000A,00000000000000000000000B,00000000000000000000000C,000000000000000000000003); sourceTree = "<group>"; };
		000000000000000000000003 = { isa = PBXGroup; children = (00000000000000000000001E,00000000000000000000001F,000000000000000000000020); name = Products; sourceTree = "<group>"; };
		000000000000000000000001 = { isa = PBXProject; attributes = { BuildIndependentTargetsInParallel = YES; LastUpgradeCheck = 2700; TargetAttributes = { 000000000000000000000065 = { TestTargetID = 000000000000000000000064; }; 000000000000000000000066 = { TestTargetID = 000000000000000000000064; }; }; }; buildConfigurationList = 000000000000000000000190; compatibilityVersion = "Xcode 14.0"; developmentRegion = en; knownRegions = (en,Base); mainGroup = 000000000000000000000002; productRefGroup = 000000000000000000000003; projectDirPath = ""; projectRoot = ""; targets = (000000000000000000000064,000000000000000000000065,000000000000000000000066); };
		000000000000000000000064 = { isa = PBXNativeTarget; buildConfigurationList = 000000000000000000000191; buildPhases = (00000000000000000000012C,000000000000000000000136,000000000000000000000140); buildRules = (); dependencies = (); name = FixtureHost; productName = FixtureHost; productReference = 00000000000000000000001E; productType = "com.apple.product-type.application"; };
		00000000000000000000012C = { isa = PBXSourcesBuildPhase; buildActionMask = 2147483647; files = (000000000000000000000014); runOnlyForDeploymentPostprocessing = 0; };
		000000000000000000000136 = { isa = PBXFrameworksBuildPhase; buildActionMask = 2147483647; files = (); runOnlyForDeploymentPostprocessing = 0; };
		000000000000000000000140 = { isa = PBXResourcesBuildPhase; buildActionMask = 2147483647; files = (); runOnlyForDeploymentPostprocessing = 0; };
		000000000000000000000065 = { isa = PBXNativeTarget; buildConfigurationList = 000000000000000000000192; buildPhases = (00000000000000000000012D,000000000000000000000137,000000000000000000000141); buildRules = (); dependencies = (0000000000000000000000D3); name = FixtureTests; productName = FixtureTests; productReference = 00000000000000000000001F; productType = "com.apple.product-type.bundle.unit-test"; };
		00000000000000000000012D = { isa = PBXSourcesBuildPhase; buildActionMask = 2147483647; files = (000000000000000000000015); runOnlyForDeploymentPostprocessing = 0; };
		000000000000000000000137 = { isa = PBXFrameworksBuildPhase; buildActionMask = 2147483647; files = (); runOnlyForDeploymentPostprocessing = 0; };
		000000000000000000000141 = { isa = PBXResourcesBuildPhase; buildActionMask = 2147483647; files = (); runOnlyForDeploymentPostprocessing = 0; };
		0000000000000000000000C9 = { isa = PBXContainerItemProxy; containerPortal = 000000000000000000000001; proxyType = 1; remoteGlobalIDString = 000000000000000000000064; remoteInfo = FixtureHost; };
		0000000000000000000000D3 = { isa = PBXTargetDependency; target = 000000000000000000000064; targetProxy = 0000000000000000000000C9; };
		000000000000000000000066 = { isa = PBXNativeTarget; buildConfigurationList = 000000000000000000000193; buildPhases = (00000000000000000000012E,000000000000000000000138,000000000000000000000142); buildRules = (); dependencies = (0000000000000000000000D4); name = FixtureUITests; productName = FixtureUITests; productReference = 000000000000000000000020; productType = "com.apple.product-type.bundle.ui-testing"; };
		00000000000000000000012E = { isa = PBXSourcesBuildPhase; buildActionMask = 2147483647; files = (000000000000000000000016); runOnlyForDeploymentPostprocessing = 0; };
		000000000000000000000138 = { isa = PBXFrameworksBuildPhase; buildActionMask = 2147483647; files = (); runOnlyForDeploymentPostprocessing = 0; };
		000000000000000000000142 = { isa = PBXResourcesBuildPhase; buildActionMask = 2147483647; files = (); runOnlyForDeploymentPostprocessing = 0; };
		0000000000000000000000CA = { isa = PBXContainerItemProxy; containerPortal = 000000000000000000000001; proxyType = 1; remoteGlobalIDString = 000000000000000000000064; remoteInfo = FixtureHost; };
		0000000000000000000000D4 = { isa = PBXTargetDependency; target = 000000000000000000000064; targetProxy = 0000000000000000000000CA; };
		000000000000000000000190 = { isa = XCConfigurationList; buildConfigurations = (0000000000000000000001F4,0000000000000000000001F5); defaultConfigurationIsVisible = 0; defaultConfigurationName = Debug; };
		0000000000000000000001F4 = { isa = XCBuildConfiguration; buildSettings = { CLANG_ENABLE_MODULES = YES; SWIFT_VERSION = 6.0; MACOSX_DEPLOYMENT_TARGET = 13.0; IPHONEOS_DEPLOYMENT_TARGET = 17.0; SDKROOT = auto; SUPPORTED_PLATFORMS = "macosx iphoneos iphonesimulator"; ENABLE_TESTABILITY = YES; SWIFT_OPTIMIZATION_LEVEL = "-Onone"; }; name = Debug; };
		0000000000000000000001F5 = { isa = XCBuildConfiguration; buildSettings = { CLANG_ENABLE_MODULES = YES; SWIFT_VERSION = 6.0; MACOSX_DEPLOYMENT_TARGET = 13.0; IPHONEOS_DEPLOYMENT_TARGET = 17.0; SDKROOT = auto; SUPPORTED_PLATFORMS = "macosx iphoneos iphonesimulator"; ENABLE_TESTABILITY = YES; SWIFT_OPTIMIZATION_LEVEL = "-O"; }; name = Release; };
		000000000000000000000191 = { isa = XCConfigurationList; buildConfigurations = (0000000000000000000001F6,0000000000000000000001F7); defaultConfigurationIsVisible = 0; defaultConfigurationName = Debug; };
		0000000000000000000001F6 = { isa = XCBuildConfiguration; buildSettings = { CLANG_ENABLE_MODULES = YES; SWIFT_VERSION = 6.0; MACOSX_DEPLOYMENT_TARGET = 13.0; IPHONEOS_DEPLOYMENT_TARGET = 17.0; SDKROOT = auto; SUPPORTED_PLATFORMS = "macosx iphoneos iphonesimulator"; ENABLE_TESTABILITY = YES; PRODUCT_NAME = "$(TARGET_NAME)"; PRODUCT_BUNDLE_IDENTIFIER = dev.tiden.fixture.FixtureHost; GENERATE_INFOPLIST_FILE = YES; CODE_SIGN_STYLE = Automatic; TARGETED_DEVICE_FAMILY = "1,2"; SUPPORTS_MACCATALYST = NO; INFOPLIST_KEY_LSApplicationCategoryType = "public.app-category.developer-tools"; INFOPLIST_KEY_UILaunchScreen_Generation = YES; "INFOPLIST_KEY_UIApplicationSceneManifest_Generation[sdk=iphone*]" = YES; "INFOPLIST_KEY_NSPrincipalClass[sdk=macosx*]" = NSApplication; SWIFT_OPTIMIZATION_LEVEL = "-Onone"; }; name = Debug; };
		0000000000000000000001F7 = { isa = XCBuildConfiguration; buildSettings = { CLANG_ENABLE_MODULES = YES; SWIFT_VERSION = 6.0; MACOSX_DEPLOYMENT_TARGET = 13.0; IPHONEOS_DEPLOYMENT_TARGET = 17.0; SDKROOT = auto; SUPPORTED_PLATFORMS = "macosx iphoneos iphonesimulator"; ENABLE_TESTABILITY = YES; PRODUCT_NAME = "$(TARGET_NAME)"; PRODUCT_BUNDLE_IDENTIFIER = dev.tiden.fixture.FixtureHost; GENERATE_INFOPLIST_FILE = YES; CODE_SIGN_STYLE = Automatic; TARGETED_DEVICE_FAMILY = "1,2"; SUPPORTS_MACCATALYST = NO; INFOPLIST_KEY_LSApplicationCategoryType = "public.app-category.developer-tools"; INFOPLIST_KEY_UILaunchScreen_Generation = YES; "INFOPLIST_KEY_UIApplicationSceneManifest_Generation[sdk=iphone*]" = YES; "INFOPLIST_KEY_NSPrincipalClass[sdk=macosx*]" = NSApplication; SWIFT_OPTIMIZATION_LEVEL = "-O"; }; name = Release; };
		000000000000000000000192 = { isa = XCConfigurationList; buildConfigurations = (0000000000000000000001F8,0000000000000000000001F9); defaultConfigurationIsVisible = 0; defaultConfigurationName = Debug; };
		0000000000000000000001F8 = { isa = XCBuildConfiguration; buildSettings = { CLANG_ENABLE_MODULES = YES; SWIFT_VERSION = 6.0; MACOSX_DEPLOYMENT_TARGET = 13.0; IPHONEOS_DEPLOYMENT_TARGET = 17.0; SDKROOT = auto; SUPPORTED_PLATFORMS = "macosx iphoneos iphonesimulator"; ENABLE_TESTABILITY = YES; PRODUCT_NAME = "$(TARGET_NAME)"; PRODUCT_BUNDLE_IDENTIFIER = dev.tiden.fixture.FixtureTests; GENERATE_INFOPLIST_FILE = YES; CODE_SIGN_STYLE = Automatic; TARGETED_DEVICE_FAMILY = "1,2"; SUPPORTS_MACCATALYST = NO; TEST_HOST = "$(BUILT_PRODUCTS_DIR)/FixtureHost.app/$(BUNDLE_EXECUTABLE_FOLDER_PATH)/FixtureHost"; BUNDLE_LOADER = "$(TEST_HOST)"; SWIFT_OPTIMIZATION_LEVEL = "-Onone"; }; name = Debug; };
		0000000000000000000001F9 = { isa = XCBuildConfiguration; buildSettings = { CLANG_ENABLE_MODULES = YES; SWIFT_VERSION = 6.0; MACOSX_DEPLOYMENT_TARGET = 13.0; IPHONEOS_DEPLOYMENT_TARGET = 17.0; SDKROOT = auto; SUPPORTED_PLATFORMS = "macosx iphoneos iphonesimulator"; ENABLE_TESTABILITY = YES; PRODUCT_NAME = "$(TARGET_NAME)"; PRODUCT_BUNDLE_IDENTIFIER = dev.tiden.fixture.FixtureTests; GENERATE_INFOPLIST_FILE = YES; CODE_SIGN_STYLE = Automatic; TARGETED_DEVICE_FAMILY = "1,2"; SUPPORTS_MACCATALYST = NO; TEST_HOST = "$(BUILT_PRODUCTS_DIR)/FixtureHost.app/$(BUNDLE_EXECUTABLE_FOLDER_PATH)/FixtureHost"; BUNDLE_LOADER = "$(TEST_HOST)"; SWIFT_OPTIMIZATION_LEVEL = "-O"; }; name = Release; };
		000000000000000000000193 = { isa = XCConfigurationList; buildConfigurations = (0000000000000000000001FA,0000000000000000000001FB); defaultConfigurationIsVisible = 0; defaultConfigurationName = Debug; };
		0000000000000000000001FA = { isa = XCBuildConfiguration; buildSettings = { CLANG_ENABLE_MODULES = YES; SWIFT_VERSION = 6.0; MACOSX_DEPLOYMENT_TARGET = 13.0; IPHONEOS_DEPLOYMENT_TARGET = 17.0; SDKROOT = auto; SUPPORTED_PLATFORMS = "macosx iphoneos iphonesimulator"; ENABLE_TESTABILITY = YES; PRODUCT_NAME = "$(TARGET_NAME)"; PRODUCT_BUNDLE_IDENTIFIER = dev.tiden.fixture.FixtureUITests; GENERATE_INFOPLIST_FILE = YES; CODE_SIGN_STYLE = Automatic; TARGETED_DEVICE_FAMILY = "1,2"; SUPPORTS_MACCATALYST = NO; TEST_TARGET_NAME = FixtureHost; SWIFT_OPTIMIZATION_LEVEL = "-Onone"; }; name = Debug; };
		0000000000000000000001FB = { isa = XCBuildConfiguration; buildSettings = { CLANG_ENABLE_MODULES = YES; SWIFT_VERSION = 6.0; MACOSX_DEPLOYMENT_TARGET = 13.0; IPHONEOS_DEPLOYMENT_TARGET = 17.0; SDKROOT = auto; SUPPORTED_PLATFORMS = "macosx iphoneos iphonesimulator"; ENABLE_TESTABILITY = YES; PRODUCT_NAME = "$(TARGET_NAME)"; PRODUCT_BUNDLE_IDENTIFIER = dev.tiden.fixture.FixtureUITests; GENERATE_INFOPLIST_FILE = YES; CODE_SIGN_STYLE = Automatic; TARGETED_DEVICE_FAMILY = "1,2"; SUPPORTS_MACCATALYST = NO; TEST_TARGET_NAME = FixtureHost; SWIFT_OPTIMIZATION_LEVEL = "-O"; }; name = Release; };
}; rootObject = 000000000000000000000001; }
